// !$*UTF8*$!
{
	archiveVersion = 1;
	classes = {
	};
	objectVersion = 50;
	objects = {

/* Begin PBXBuildFile section */
		F63564E824B839E700E182D7 /* AppDelegate.swift in Sources */ = {isa = PBXBuildFile; fileRef = F63564E724B839E700E182D7 /* AppDelegate.swift */; };
		F63564EA24B839E700E182D7 /* SceneDelegate.swift in Sources */ = {isa = PBXBuildFile; fileRef = F63564E924B839E700E182D7 /* SceneDelegate.swift */; };
		F63564EC24B839E700E182D7 /* SetGameView.swift in Sources */ = {isa = PBXBuildFile; fileRef = F63564EB24B839E700E182D7 /* SetGameView.swift */; };
		F63564EE24B839E900E182D7 /* Assets.xcassets in Resources */ = {isa = PBXBuildFile; fileRef = F63564ED24B839E900E182D7 /* Assets.xcassets */; };
		F63564F124B839E900E182D7 /* Preview Assets.xcassets in Resources */ = {isa = PBXBuildFile; fileRef = F63564F024B839E900E182D7 /* Preview Assets.xcassets */; };
		F63564F424B839E900E182D7 /* LaunchScreen.storyboard in Resources */ = {isa = PBXBuildFile; fileRef = F63564F224B839E900E182D7 /* LaunchScreen.storyboard */; };
		F63564FC24B8B00500E182D7 /* SetGameModel.swift in Sources */ = {isa = PBXBuildFile; fileRef = F63564FB24B8B00500E182D7 /* SetGameModel.swift */; };
		F635650124B8B62B00E182D7 /* Diamond.swift in Sources */ = {isa = PBXBuildFile; fileRef = F635650024B8B62B00E182D7 /* Diamond.swift */; };
		F635650324B8B63200E182D7 /* Oval.swift in Sources */ = {isa = PBXBuildFile; fileRef = F635650224B8B63200E182D7 /* Oval.swift */; };
		F635650524B8B63E00E182D7 /* Squiggle.swift in Sources */ = {isa = PBXBuildFile; fileRef = F635650424B8B63E00E182D7 /* Squiggle.swift */; };
		F635650724B951D100E182D7 /* SetGame.swift in Sources */ = {isa = PBXBuildFile; fileRef = F635650624B951D100E182D7 /* SetGame.swift */; };
		F639F8CF24B9EE9600A438B6 /* GridLayout.swift in Sources */ = {isa = PBXBuildFile; fileRef = F639F8CE24B9EE9500A438B6 /* GridLayout.swift */; };
		F639F8D124BA034A00A438B6 /* Grid.swift in Sources */ = {isa = PBXBuildFile; fileRef = F639F8D024BA034A00A438B6 /* Grid.swift */; };
		F639F8D324BA0AB600A438B6 /* Array+Identifiable.swift in Sources */ = {isa = PBXBuildFile; fileRef = F639F8D224BA0AB600A438B6 /* Array+Identifiable.swift */; };
		F639F8D524BA0C5400A438B6 /* CardView.swift in Sources */ = {isa = PBXBuildFile; fileRef = F639F8D424BA0C5400A438B6 /* CardView.swift */; };
		F65F95DA24C006B000985BD7 /* BarView.swift in Sources */ = {isa = PBXBuildFile; fileRef = F65F95D924C006B000985BD7 /* BarView.swift */; };
		F6E2259524BACFE000F9B19D /* PickShape.swift in Sources */ = {isa = PBXBuildFile; fileRef = F6E2259424BACFE000F9B19D /* PickShape.swift */; };
/* End PBXBuildFile section */

/* Begin PBXFileReference section */
		F63564E424B839E700E182D7 /* Set Card Game.app */ = {isa = PBXFileReference; explicitFileType = wrapper.application; includeInIndex = 0; path = "Set Card Game.app"; sourceTree = BUILT_PRODUCTS_DIR; };
		F63564E724B839E700E182D7 /* AppDelegate.swift */ = {isa = PBXFileReference; lastKnownFileType = sourcecode.swift; path = AppDelegate.swift; sourceTree = "<group>"; };
		F63564E924B839E700E182D7 /* SceneDelegate.swift */ = {isa = PBXFileReference; lastKnownFileType = sourcecode.swift; path = SceneDelegate.swift; sourceTree = "<group>"; };
		F63564EB24B839E700E182D7 /* SetGameView.swift */ = {isa = PBXFileReference; lastKnownFileType = sourcecode.swift; path = SetGameView.swift; sourceTree = "<group>"; };
		F63564ED24B839E900E182D7 /* Assets.xcassets */ = {isa = PBXFileReference; lastKnownFileType = folder.assetcatalog; path = Assets.xcassets; sourceTree = "<group>"; };
		F63564F024B839E900E182D7 /* Preview Assets.xcassets */ = {isa = PBXFileReference; lastKnownFileType = folder.assetcatalog; path = "Preview Assets.xcassets"; sourceTree = "<group>"; };
		F63564F324B839E900E182D7 /* Base */ = {isa = PBXFileReference; lastKnownFileType = file.storyboard; name = Base; path = Base.lproj/LaunchScreen.storyboard; sourceTree = "<group>"; };
		F63564F524B839E900E182D7 /* Info.plist */ = {isa = PBXFileReference; lastKnownFileType = text.plist.xml; path = Info.plist; sourceTree = "<group>"; };
		F63564FB24B8B00500E182D7 /* SetGameModel.swift */ = {isa = PBXFileReference; lastKnownFileType = sourcecode.swift; path = SetGameModel.swift; sourceTree = "<group>"; };
		F635650024B8B62B00E182D7 /* Diamond.swift */ = {isa = PBXFileReference; lastKnownFileType = sourcecode.swift; path = Diamond.swift; sourceTree = "<group>"; };
		F635650224B8B63200E182D7 /* Oval.swift */ = {isa = PBXFileReference; lastKnownFileType = sourcecode.swift; path = Oval.swift; sourceTree = "<group>"; };
		F635650424B8B63E00E182D7 /* Squiggle.swift */ = {isa = PBXFileReference; lastKnownFileType = sourcecode.swift; path = Squiggle.swift; sourceTree = "<group>"; };
		F635650624B951D100E182D7 /* SetGame.swift */ = {isa = PBXFileReference; lastKnownFileType = sourcecode.swift; path = SetGame.swift; sourceTree = "<group>"; };
		F639F8CE24B9EE9500A438B6 /* GridLayout.swift */ = {isa = PBXFileReference; lastKnownFileType = sourcecode.swift; path = GridLayout.swift; sourceTree = "<group>"; };
		F639F8D024BA034A00A438B6 /* Grid.swift */ = {isa = PBXFileReference; lastKnownFileType = sourcecode.swift; path = Grid.swift; sourceTree = "<group>"; };
		F639F8D224BA0AB600A438B6 /* Array+Identifiable.swift */ = {isa = PBXFileReference; lastKnownFileType = sourcecode.swift; path = "Array+Identifiable.swift"; sourceTree = "<group>"; };
		F639F8D424BA0C5400A438B6 /* CardView.swift */ = {isa = PBXFileReference; lastKnownFileType = sourcecode.swift; path = CardView.swift; sourceTree = "<group>"; };
		F65F95D924C006B000985BD7 /* BarView.swift */ = {isa = PBXFileReference; lastKnownFileType = sourcecode.swift; path = BarView.swift; sourceTree = "<group>"; };
		F6E2259424BACFE000F9B19D /* PickShape.swift */ = {isa = PBXFileReference; lastKnownFileType = sourcecode.swift; path = PickShape.swift; sourceTree = "<group>"; };
/* End PBXFileReference section */

/* Begin PBXFrameworksBuildPhase section */
		F63564E124B839E700E182D7 /* Frameworks */ = {
			isa = PBXFrameworksBuildPhase;
			buildActionMask = 2147483647;
			files = (
			);
			runOnlyForDeploymentPostprocessing = 0;
		};
/* End PBXFrameworksBuildPhase section */

/* Begin PBXGroup section */
		F63564DB24B839E700E182D7 = {
			isa = PBXGroup;
			children = (
				F63564E624B839E700E182D7 /* Set Card Game */,
				F63564E524B839E700E182D7 /* Products */,
			);
			sourceTree = "<group>";
		};
		F63564E524B839E700E182D7 /* Products */ = {
			isa = PBXGroup;
			children = (
				F63564E424B839E700E182D7 /* Set Card Game.app */,
			);
			name = Products;
			sourceTree = "<group>";
		};
		F63564E624B839E700E182D7 /* Set Card Game */ = {
			isa = PBXGroup;
			children = (
				F63564E724B839E700E182D7 /* AppDelegate.swift */,
				F63564E924B839E700E182D7 /* SceneDelegate.swift */,
				F639F8CE24B9EE9500A438B6 /* GridLayout.swift */,
				F639F8D024BA034A00A438B6 /* Grid.swift */,
				F639F8D224BA0AB600A438B6 /* Array+Identifiable.swift */,
				F63564FB24B8B00500E182D7 /* SetGameModel.swift */,
				F635650624B951D100E182D7 /* SetGame.swift */,
				F63564EB24B839E700E182D7 /* SetGameView.swift */,
				F65F95D924C006B000985BD7 /* BarView.swift */,
				F639F8D424BA0C5400A438B6 /* CardView.swift */,
				F63564FD24B8B5F100E182D7 /* ShapeView */,
				F63564ED24B839E900E182D7 /* Assets.xcassets */,
				F63564F224B839E900E182D7 /* LaunchScreen.storyboard */,
				F63564F524B839E900E182D7 /* Info.plist */,
				F63564EF24B839E900E182D7 /* Preview Content */,
			);
			path = "Set Card Game";
			sourceTree = "<group>";
		};
		F63564EF24B839E900E182D7 /* Preview Content */ = {
			isa = PBXGroup;
			children = (
				F63564F024B839E900E182D7 /* Preview Assets.xcassets */,
			);
			path = "Preview Content";
			sourceTree = "<group>";
		};
		F63564FD24B8B5F100E182D7 /* ShapeView */ = {
			isa = PBXGroup;
			children = (
				F6E2259424BACFE000F9B19D /* PickShape.swift */,
				F635650024B8B62B00E182D7 /* Diamond.swift */,
				F635650224B8B63200E182D7 /* Oval.swift */,
				F635650424B8B63E00E182D7 /* Squiggle.swift */,
			);
			path = ShapeView;
			sourceTree = "<group>";
		};
/* End PBXGroup section */

/* Begin PBXNativeTarget section */
		F63564E324B839E700E182D7 /* Set Card Game */ = {
			isa = PBXNativeTarget;
			buildConfigurationList = F63564F824B839E900E182D7 /* Build configuration list for PBXNativeTarget "Set Card Game" */;
			buildPhases = (
				F63564E024B839E700E182D7 /* Sources */,
				F63564E124B839E700E182D7 /* Frameworks */,
				F63564E224B839E700E182D7 /* Resources */,
			);
			buildRules = (
			);
			dependencies = (
			);
			name = "Set Card Game";
			productName = "Set Card Game";
			productReference = F63564E424B839E700E182D7 /* Set Card Game.app */;
			productType = "com.apple.product-type.application";
		};
/* End PBXNativeTarget section */

/* Begin PBXProject section */
		F63564DC24B839E700E182D7 /* Project object */ = {
			isa = PBXProject;
			attributes = {
				LastSwiftUpdateCheck = 1150;
				LastUpgradeCheck = 1150;
				ORGANIZATIONNAME = "龙泳潮";
				TargetAttributes = {
					F63564E324B839E700E182D7 = {
						CreatedOnToolsVersion = 11.5;
					};
				};
			};
			buildConfigurationList = F63564DF24B839E700E182D7 /* Build configuration list for PBXProject "Set Card Game" */;
			compatibilityVersion = "Xcode 9.3";
			developmentRegion = en;
			hasScannedForEncodings = 0;
			knownRegions = (
				en,
				Base,
			);
			mainGroup = F63564DB24B839E700E182D7;
			productRefGroup = F63564E524B839E700E182D7 /* Products */;
			projectDirPath = "";
			projectRoot = "";
			targets = (
				F63564E324B839E700E182D7 /* Set Card Game */,
			);
		};
/* End PBXProject section */

/* Begin PBXResourcesBuildPhase section */
		F63564E224B839E700E182D7 /* Resources */ = {
			isa = PBXResourcesBuildPhase;
			buildActionMask = 2147483647;
			files = (
				F63564F424B839E900E182D7 /* LaunchScreen.storyboard in Resources */,
				F63564F124B839E900E182D7 /* Preview Assets.xcassets in Resources */,
				F63564EE24B839E900E182D7 /* Assets.xcassets in Resources */,
			);
			runOnlyForDeploymentPostprocessing = 0;
		};
/* End PBXResourcesBuildPhase section */

/* Begin PBXSourcesBuildPhase section */
		F63564E024B839E700E182D7 /* Sources */ = {
			isa = PBXSourcesBuildPhase;
			buildActionMask = 2147483647;
			files = (
				F63564E824B839E700E182D7 /* AppDelegate.swift in Sources */,
				F65F95DA24C006B000985BD7 /* BarView.swift in Sources */,
				F635650524B8B63E00E182D7 /* Squiggle.swift in Sources */,
				F63564FC24B8B00500E182D7 /* SetGameModel.swift in Sources */,
				F639F8D124BA034A00A438B6 /* Grid.swift in Sources */,
				F63564EA24B839E700E182D7 /* SceneDelegate.swift in Sources */,
				F635650324B8B63200E182D7 /* Oval.swift in Sources */,
				F635650124B8B62B00E182D7 /* Diamond.swift in Sources */,
				F639F8D324BA0AB600A438B6 /* Array+Identifiable.swift in Sources */,
				F639F8CF24B9EE9600A438B6 /* GridLayout.swift in Sources */,
				F635650724B951D100E182D7 /* SetGame.swift in Sources */,
				F6E2259524BACFE000F9B19D /* PickShape.swift in Sources */,
				F639F8D524BA0C5400A438B6 /* CardView.swift in Sources */,
				F63564EC24B839E700E182D7 /* SetGameView.swift in Sources */,
			);
			runOnlyForDeploymentPostprocessing = 0;
		};
/* End PBXSourcesBuildPhase section */

/* Begin PBXVariantGroup section */
		F63564F224B839E900E182D7 /* LaunchScreen.storyboard */ = {
			isa = PBXVariantGroup;
			children = (
				F63564F324B839E900E182D7 /* Base */,
			);
			name = LaunchScreen.storyboard;
			sourceTree = "<group>";
		};
/* End PBXVariantGroup section */

/* Begin XCBuildConfiguration section */
		F63564F624B839E900E182D7 /* Debug */ = {
			isa = XCBuildConfiguration;
			buildSettings = {
				ALWAYS_SEARCH_USER_PATHS = NO;
				CLANG_ANALYZER_NONNULL = YES;
				CLANG_ANALYZER_NUMBER_OBJECT_CONVERSION = YES_AGGRESSIVE;
				CLANG_CXX_LANGUAGE_STANDARD = "gnu++14";
				CLANG_CXX_LIBRARY = "libc++";
				CLANG_ENABLE_MODULES = YES;
				CLANG_ENABLE_OBJC_ARC = YES;
				CLANG_ENABLE_OBJC_WEAK = YES;
				CLANG_WARN_BLOCK_CAPTURE_AUTORELEASING = YES;
				CLANG_WARN_BOOL_CONVERSION = YES;
				CLANG_WARN_COMMA = YES;
				CLANG_WARN_CONSTANT_CONVERSION = YES;
				CLANG_WARN_DEPRECATED_OBJC_IMPLEMENTATIONS = YES;
				CLANG_WARN_DIRECT_OBJC_ISA_USAGE = YES_ERROR;
				CLANG_WARN_DOCUMENTATION_COMMENTS = YES;
				CLANG_WARN_EMPTY_BODY = YES;
				CLANG_WARN_ENUM_CONVERSION = YES;
				CLANG_WARN_INFINITE_RECURSION = YES;
				CLANG_WARN_INT_CONVERSION = YES;
				CLANG_WARN_NON_LITERAL_NULL_CONVERSION = YES;
				CLANG_WARN_OBJC_IMPLICIT_RETAIN_SELF = YES;
				CLANG_WARN_OBJC_LITERAL_CONVERSION = YES;
				CLANG_WARN_OBJC_ROOT_CLASS = YES_ERROR;
				CLANG_WARN_RANGE_LOOP_ANALYSIS = YES;
				CLANG_WARN_STRICT_PROTOTYPES = YES;
				CLANG_WARN_SUSPICIOUS_MOVE = YES;
				CLANG_WARN_UNGUARDED_AVAILABILITY = YES_AGGRESSIVE;
				CLANG_WARN_UNREACHABLE_CODE = YES;
				CLANG_WARN__DUPLICATE_METHOD_MATCH = YES;
				COPY_PHASE_STRIP = NO;
				DEBUG_INFORMATION_FORMAT = dwarf;
				ENABLE_STRICT_OBJC_MSGSEND = YES;
				ENABLE_TESTABILITY = YES;
				GCC_C_LANGUAGE_STANDARD = gnu11;
				GCC_DYNAMIC_NO_PIC = NO;
				GCC_NO_COMMON_BLOCKS = YES;
				GCC_OPTIMIZATION_LEVEL = 0;
				GCC_PREPROCESSOR_DEFINITIONS = (
					"DEBUG=1",
					"$(inherited)",
				);
				GCC_WARN_64_TO_32_BIT_CONVERSION = YES;
				GCC_WARN_ABOUT_RETURN_TYPE = YES_ERROR;
				GCC_WARN_UNDECLARED_SELECTOR = YES;
				GCC_WARN_UNINITIALIZED_AUTOS = YES_AGGRESSIVE;
				GCC_WARN_UNUSED_FUNCTION = YES;
				GCC_WARN_UNUSED_VARIABLE = YES;
				IPHONEOS_DEPLOYMENT_TARGET = 13.5;
				MTL_ENABLE_DEBUG_INFO = INCLUDE_SOURCE;
				MTL_FAST_MATH = YES;
				ONLY_ACTIVE_ARCH = YES;
				SDKROOT = iphoneos;
				SWIFT_ACTIVE_COMPILATION_CONDITIONS = DEBUG;
				SWIFT_OPTIMIZATION_LEVEL = "-Onone";
			};
			name = Debug;
		};
		F63564F724B839E900E182D7 /* Release */ = {
			isa = XCBuildConfiguration;
			buildSettings = {
				ALWAYS_SEARCH_USER_PATHS = NO;
				CLANG_ANALYZER_NONNULL = YES;
				CLANG_ANALYZER_NUMBER_OBJECT_CONVERSION = YES_AGGRESSIVE;
				CLANG_CXX_LANGUAGE_STANDARD = "gnu++14";
				CLANG_CXX_LIBRARY = "libc++";
				CLANG_ENABLE_MODULES = YES;
				CLANG_ENABLE_OBJC_ARC = YES;
				CLANG_ENABLE_OBJC_WEAK = YES;
				CLANG_WARN_BLOCK_CAPTURE_AUTORELEASING = YES;
				CLANG_WARN_BOOL_CONVERSION = YES;
				CLANG_WARN_COMMA = YES;
				CLANG_WARN_CONSTANT_CONVERSION = YES;
				CLANG_WARN_DEPRECATED_OBJC_IMPLEMENTATIONS = YES;
				CLANG_WARN_DIRECT_OBJC_ISA_USAGE = YES_ERROR;
				CLANG_WARN_DOCUMENTATION_COMMENTS = YES;
				CLANG_WARN_EMPTY_BODY = YES;
				CLANG_WARN_ENUM_CONVERSION = YES;
				CLANG_WARN_INFINITE_RECURSION = YES;
				CLANG_WARN_INT_CONVERSION = YES;
				CLANG_WARN_NON_LITERAL_NULL_CONVERSION = YES;
				CLANG_WARN_OBJC_IMPLICIT_RETAIN_SELF = YES;
				CLANG_WARN_OBJC_LITERAL_CONVERSION = YES;
				CLANG_WARN_OBJC_ROOT_CLASS = YES_ERROR;
				CLANG_WARN_RANGE_LOOP_ANALYSIS = YES;
				CLANG_WARN_STRICT_PROTOTYPES = YES;
				CLANG_WARN_SUSPICIOUS_MOVE = YES;
				CLANG_WARN_UNGUARDED_AVAILABILITY = YES_AGGRESSIVE;
				CLANG_WARN_UNREACHABLE_CODE = YES;
				CLANG_WARN__DUPLICATE_METHOD_MATCH = YES;
				COPY_PHASE_STRIP = NO;
				DEBUG_INFORMATION_FORMAT = "dwarf-with-dsym";
				ENABLE_NS_ASSERTIONS = NO;
				ENABLE_STRICT_OBJC_MSGSEND = YES;
				GCC_C_LANGUAGE_STANDARD = gnu11;
				GCC_NO_COMMON_BLOCKS = YES;
				GCC_WARN_64_TO_32_BIT_CONVERSION = YES;
				GCC_WARN_ABOUT_RETURN_TYPE = YES_ERROR;
				GCC_WARN_UNDECLARED_SELECTOR = YES;
				GCC_WARN_UNINITIALIZED_AUTOS = YES_AGGRESSIVE;
				GCC_WARN_UNUSED_FUNCTION = YES;
				GCC_WARN_UNUSED_VARIABLE = YES;
				IPHONEOS_DEPLOYMENT_TARGET = 13.5;
				MTL_ENABLE_DEBUG_INFO = NO;
				MTL_FAST_MATH = YES;
				SDKROOT = iphoneos;
				SWIFT_COMPILATION_MODE = wholemodule;
				SWIFT_OPTIMIZATION_LEVEL = "-O";
				VALIDATE_PRODUCT = YES;
			};
			name = Release;
		};
		F63564F924B839E900E182D7 /* Debug */ = {
			isa = XCBuildConfiguration;
			buildSettings = {
				ASSETCATALOG_COMPILER_APPICON_NAME = AppIcon;
				CODE_SIGN_STYLE = Automatic;
				DEVELOPMENT_ASSET_PATHS = "\"Set Card Game/Preview Content\"";
				ENABLE_PREVIEWS = YES;
				INFOPLIST_FILE = "Set Card Game/Info.plist";
				LD_RUNPATH_SEARCH_PATHS = (
					"$(inherited)",
					"@executable_path/Frameworks",
				);
				PRODUCT_BUNDLE_IDENTIFIER = "loongwingchiu.Set-Card-Game";
				PRODUCT_NAME = "$(TARGET_NAME)";
				SWIFT_VERSION = 5.0;
				TARGETED_DEVICE_FAMILY = "1,2";
			};
			name = Debug;
		};
		F63564FA24B839E900E182D7 /* Release */ = {
			isa = XCBuildConfiguration;
			buildSettings = {
				ASSETCATALOG_COMPILER_APPICON_NAME = AppIcon;
				CODE_SIGN_STYLE = Automatic;
				DEVELOPMENT_ASSET_PATHS = "\"Set Card Game/Preview Content\"";
				ENABLE_PREVIEWS = YES;
				INFOPLIST_FILE = "Set Card Game/Info.plist";
				LD_RUNPATH_SEARCH_PATHS = (
					"$(inherited)",
					"@executable_path/Frameworks",
				);
				PRODUCT_BUNDLE_IDENTIFIER = "loongwingchiu.Set-Card-Game";
				PRODUCT_NAME = "$(TARGET_NAME)";
				SWIFT_VERSION = 5.0;
				TARGETED_DEVICE_FAMILY = "1,2";
			};
			name = Release;
		};
/* End XCBuildConfiguration section */

/* Begin XCConfigurationList section */
		F63564DF24B839E700E182D7 /* Build configuration list for PBXProject "Set Card Game" */ = {
			isa = XCConfigurationList;
			buildConfigurations = (
				F63564F624B839E900E182D7 /* Debug */,
				F63564F724B839E900E182D7 /* Release */,
			);
			defaultConfigurationIsVisible = 0;
			defaultConfigurationName = Release;
		};
		F63564F824B839E900E182D7 /* Build configuration list for PBXNativeTarget "Set Card Game" */ = {
			isa = XCConfigurationList;
			buildConfigurations = (
				F63564F924B839E900E182D7 /* Debug */,
				F63564FA24B839E900E182D7 /* Release */,
			);
			defaultConfigurationIsVisible = 0;
			defaultConfigurationName = Release;
		};
/* End XCConfigurationList section */
	};
	rootObject = F63564DC24B839E700E182D7 /* Project object */;
}
