// !$*UTF8*$!
{
	archiveVersion = 1;
	classes = {
	};
	objectVersion = 50;
	objects = {

/* Begin PBXBuildFile section */
		AC200A2524A1A24B003D1D50 /* GridLayout.swift in Sources */ = {isa = PBXBuildFile; fileRef = AC200A2424A1A24B003D1D50 /* GridLayout.swift */; };
		AC200A2724A1A7F7003D1D50 /* Array+Identifiable.swift in Sources */ = {isa = PBXBuildFile; fileRef = AC200A2624A1A7F7003D1D50 /* Array+Identifiable.swift */; };
		AC200A2924A1B7D0003D1D50 /* Array+Only.swift in Sources */ = {isa = PBXBuildFile; fileRef = AC200A2824A1B7D0003D1D50 /* Array+Only.swift */; };
		AC676E9D24985EE0002CF90E /* AppDelegate.swift in Sources */ = {isa = PBXBuildFile; fileRef = AC676E9C24985EE0002CF90E /* AppDelegate.swift */; };
		AC676E9F24985EE0002CF90E /* SceneDelegate.swift in Sources */ = {isa = PBXBuildFile; fileRef = AC676E9E24985EE0002CF90E /* SceneDelegate.swift */; };
		AC676EA124985EE0002CF90E /* EmojiMemoryGameView.swift in Sources */ = {isa = PBXBuildFile; fileRef = AC676EA024985EE0002CF90E /* EmojiMemoryGameView.swift */; };
		AC676EA324985EE1002CF90E /* Assets.xcassets in Resources */ = {isa = PBXBuildFile; fileRef = AC676EA224985EE1002CF90E /* Assets.xcassets */; };
		AC676EA624985EE1002CF90E /* Preview Assets.xcassets in Resources */ = {isa = PBXBuildFile; fileRef = AC676EA524985EE1002CF90E /* Preview Assets.xcassets */; };
		AC676EA924985EE1002CF90E /* LaunchScreen.storyboard in Resources */ = {isa = PBXBuildFile; fileRef = AC676EA724985EE1002CF90E /* LaunchScreen.storyboard */; };
		AC6A6C212498B127004AF0FE /* MemoryGame.swift in Sources */ = {isa = PBXBuildFile; fileRef = AC6A6C202498B127004AF0FE /* MemoryGame.swift */; };
		AC6A6C232498B3C2004AF0FE /* EmojiMemoryGame.swift in Sources */ = {isa = PBXBuildFile; fileRef = AC6A6C222498B3C2004AF0FE /* EmojiMemoryGame.swift */; };
		ACF7368B24A0C04700AC7E8C /* Grid.swift in Sources */ = {isa = PBXBuildFile; fileRef = ACF7368A24A0C04700AC7E8C /* Grid.swift */; };
		F6619B1B24B6E2F900F5431C /* Cardify.swift in Sources */ = {isa = PBXBuildFile; fileRef = F6619B1A24B6E2F900F5431C /* Cardify.swift */; };
		F6BCC98624B6D9C7003317ED /* Pie.swift in Sources */ = {isa = PBXBuildFile; fileRef = F6BCC98524B6D9C7003317ED /* Pie.swift */; };
/* End PBXBuildFile section */

/* Begin PBXFileReference section */
		AC200A2424A1A24B003D1D50 /* GridLayout.swift */ = {isa = PBXFileReference; fileEncoding = 4; lastKnownFileType = sourcecode.swift; path = GridLayout.swift; sourceTree = "<group>"; };
		AC200A2624A1A7F7003D1D50 /* Array+Identifiable.swift */ = {isa = PBXFileReference; lastKnownFileType = sourcecode.swift; path = "Array+Identifiable.swift"; sourceTree = "<group>"; };
		AC200A2824A1B7D0003D1D50 /* Array+Only.swift */ = {isa = PBXFileReference; lastKnownFileType = sourcecode.swift; path = "Array+Only.swift"; sourceTree = "<group>"; };
		AC676E9924985EE0002CF90E /* Memorize.app */ = {isa = PBXFileReference; explicitFileType = wrapper.application; includeInIndex = 0; path = Memorize.app; sourceTree = BUILT_PRODUCTS_DIR; };
		AC676E9C24985EE0002CF90E /* AppDelegate.swift */ = {isa = PBXFileReference; lastKnownFileType = sourcecode.swift; path = AppDelegate.swift; sourceTree = "<group>"; };
		AC676E9E24985EE0002CF90E /* SceneDelegate.swift */ = {isa = PBXFileReference; lastKnownFileType = sourcecode.swift; path = SceneDelegate.swift; sourceTree = "<group>"; };
		AC676EA024985EE0002CF90E /* EmojiMemoryGameView.swift */ = {isa = PBXFileReference; lastKnownFileType = sourcecode.swift; path = EmojiMemoryGameView.swift; sourceTree = "<group>"; };
		AC676EA224985EE1002CF90E /* Assets.xcassets */ = {isa = PBXFileReference; lastKnownFileType = folder.assetcatalog; path = Assets.xcassets; sourceTree = "<group>"; };
		AC676EA524985EE1002CF90E /* Preview Assets.xcassets */ = {isa = PBXFileReference; lastKnownFileType = folder.assetcatalog; path = "Preview Assets.xcassets"; sourceTree = "<group>"; };
		AC676EA824985EE1002CF90E /* Base */ = {isa = PBXFileReference; lastKnownFileType = file.storyboard; name = Base; path = Base.lproj/LaunchScreen.storyboard; sourceTree = "<group>"; };
		AC676EAA24985EE1002CF90E /* Info.plist */ = {isa = PBXFileReference; lastKnownFileType = text.plist.xml; path = Info.plist; sourceTree = "<group>"; };
		AC6A6C202498B127004AF0FE /* MemoryGame.swift */ = {isa = PBXFileReference; lastKnownFileType = sourcecode.swift; path = MemoryGame.swift; sourceTree = "<group>"; };
		AC6A6C222498B3C2004AF0FE /* EmojiMemoryGame.swift */ = {isa = PBXFileReference; lastKnownFileType = sourcecode.swift; path = EmojiMemoryGame.swift; sourceTree = "<group>"; };
		ACF7368A24A0C04700AC7E8C /* Grid.swift */ = {isa = PBXFileReference; lastKnownFileType = sourcecode.swift; path = Grid.swift; sourceTree = "<group>"; };
		F6619B1A24B6E2F900F5431C /* Cardify.swift */ = {isa = PBXFileReference; lastKnownFileType = sourcecode.swift; path = Cardify.swift; sourceTree = "<group>"; };
		F6BCC98524B6D9C7003317ED /* Pie.swift */ = {isa = PBXFileReference; lastKnownFileType = sourcecode.swift; path = Pie.swift; sourceTree = "<group>"; };
/* End PBXFileReference section */

/* Begin PBXFrameworksBuildPhase section */
		AC676E9624985EE0002CF90E /* Frameworks */ = {
			isa = PBXFrameworksBuildPhase;
			buildActionMask = 2147483647;
			files = (
			);
			runOnlyForDeploymentPostprocessing = 0;
		};
/* End PBXFrameworksBuildPhase section */

/* Begin PBXGroup section */
		AC676E9024985EE0002CF90E = {
			isa = PBXGroup;
			children = (
				AC676E9B24985EE0002CF90E /* Memorize */,
				AC676E9A24985EE0002CF90E /* Products */,
			);
			sourceTree = "<group>";
		};
		AC676E9A24985EE0002CF90E /* Products */ = {
			isa = PBXGroup;
			children = (
				AC676E9924985EE0002CF90E /* Memorize.app */,
			);
			name = Products;
			sourceTree = "<group>";
		};
		AC676E9B24985EE0002CF90E /* Memorize */ = {
			isa = PBXGroup;
			children = (
				AC676E9C24985EE0002CF90E /* AppDelegate.swift */,
				AC676E9E24985EE0002CF90E /* SceneDelegate.swift */,
				AC6A6C202498B127004AF0FE /* MemoryGame.swift */,
				AC6A6C222498B3C2004AF0FE /* EmojiMemoryGame.swift */,
				AC676EA024985EE0002CF90E /* EmojiMemoryGameView.swift */,
				F6619B1A24B6E2F900F5431C /* Cardify.swift */,
				F6BCC98524B6D9C7003317ED /* Pie.swift */,
				ACF7368A24A0C04700AC7E8C /* Grid.swift */,
				AC200A2424A1A24B003D1D50 /* GridLayout.swift */,
				AC200A2624A1A7F7003D1D50 /* Array+Identifiable.swift */,
				AC200A2824A1B7D0003D1D50 /* Array+Only.swift */,
				AC676EA224985EE1002CF90E /* Assets.xcassets */,
				AC676EA724985EE1002CF90E /* LaunchScreen.storyboard */,
				AC676EAA24985EE1002CF90E /* Info.plist */,
				AC676EA424985EE1002CF90E /* Preview Content */,
			);
			path = Memorize;
			sourceTree = "<group>";
		};
		AC676EA424985EE1002CF90E /* Preview Content */ = {
			isa = PBXGroup;
			children = (
				AC676EA524985EE1002CF90E /* Preview Assets.xcassets */,
			);
			path = "Preview Content";
			sourceTree = "<group>";
		};
/* End PBXGroup section */

/* Begin PBXNativeTarget section */
		AC676E9824985EE0002CF90E /* Memorize */ = {
			isa = PBXNativeTarget;
			buildConfigurationList = AC676EAD24985EE1002CF90E /* Build configuration list for PBXNativeTarget "Memorize" */;
			buildPhases = (
				AC676E9524985EE0002CF90E /* Sources */,
				AC676E9624985EE0002CF90E /* Frameworks */,
				AC676E9724985EE0002CF90E /* Resources */,
			);
			buildRules = (
			);
			dependencies = (
			);
			name = Memorize;
			productName = Memorize;
			productReference = AC676E9924985EE0002CF90E /* Memorize.app */;
			productType = "com.apple.product-type.application";
		};
/* End PBXNativeTarget section */

/* Begin PBXProject section */
		AC676E9124985EE0002CF90E /* Project object */ = {
			isa = PBXProject;
			attributes = {
				LastSwiftUpdateCheck = 1150;
				LastUpgradeCheck = 1150;
				ORGANIZATIONNAME = "龙泳潮";
				TargetAttributes = {
					AC676E9824985EE0002CF90E = {
						CreatedOnToolsVersion = 11.5;
					};
				};
			};
			buildConfigurationList = AC676E9424985EE0002CF90E /* Build configuration list for PBXProject "Memorize" */;
			compatibilityVersion = "Xcode 9.3";
			developmentRegion = en;
			hasScannedForEncodings = 0;
			knownRegions = (
				en,
				Base,
			);
			mainGroup = AC676E9024985EE0002CF90E;
			productRefGroup = AC676E9A24985EE0002CF90E /* Products */;
			projectDirPath = "";
			projectRoot = "";
			targets = (
				AC676E9824985EE0002CF90E /* Memorize */,
			);
		};
/* End PBXProject section */

/* Begin PBXResourcesBuildPhase section */
		AC676E9724985EE0002CF90E /* Resources */ = {
			isa = PBXResourcesBuildPhase;
			buildActionMask = 2147483647;
			files = (
				AC676EA924985EE1002CF90E /* LaunchScreen.storyboard in Resources */,
				AC676EA624985EE1002CF90E /* Preview Assets.xcassets in Resources */,
				AC676EA324985EE1002CF90E /* Assets.xcassets in Resources */,
			);
			runOnlyForDeploymentPostprocessing = 0;
		};
/* End PBXResourcesBuildPhase section */

/* Begin PBXSourcesBuildPhase section */
		AC676E9524985EE0002CF90E /* Sources */ = {
			isa = PBXSourcesBuildPhase;
			buildActionMask = 2147483647;
			files = (
				F6619B1B24B6E2F900F5431C /* Cardify.swift in Sources */,
				F6BCC98624B6D9C7003317ED /* Pie.swift in Sources */,
				AC676E9D24985EE0002CF90E /* AppDelegate.swift in Sources */,
				AC676E9F24985EE0002CF90E /* SceneDelegate.swift in Sources */,
				AC6A6C212498B127004AF0FE /* MemoryGame.swift in Sources */,
				AC200A2924A1B7D0003D1D50 /* Array+Only.swift in Sources */,
				AC676EA124985EE0002CF90E /* EmojiMemoryGameView.swift in Sources */,
				AC6A6C232498B3C2004AF0FE /* EmojiMemoryGame.swift in Sources */,
				AC200A2724A1A7F7003D1D50 /* Array+Identifiable.swift in Sources */,
				AC200A2524A1A24B003D1D50 /* GridLayout.swift in Sources */,
				ACF7368B24A0C04700AC7E8C /* Grid.swift in Sources */,
			);
			runOnlyForDeploymentPostprocessing = 0;
		};
/* End PBXSourcesBuildPhase section */

/* Begin PBXVariantGroup section */
		AC676EA724985EE1002CF90E /* LaunchScreen.storyboard */ = {
			isa = PBXVariantGroup;
			children = (
				AC676EA824985EE1002CF90E /* Base */,
			);
			name = LaunchScreen.storyboard;
			sourceTree = "<group>";
		};
/* End PBXVariantGroup section */

/* Begin XCBuildConfiguration section */
		AC676EAB24985EE1002CF90E /* Debug */ = {
			isa = XCBuildConfiguration;
			buildSettings = {
				ALWAYS_SEARCH_USER_PATHS = NO;
				CLANG_ANALYZER_NONNULL = YES;
				CLANG_ANALYZER_NUMBER_OBJECT_CONVERSION = YES_AGGRESSIVE;
				CLANG_CXX_LANGUAGE_STANDARD = "gnu++14";
				CLANG_CXX_LIBRARY = "libc++";
				CLANG_ENABLE_MODULES = YES;
				CLANG_ENABLE_OBJC_ARC = YES;
				CLANG_ENABLE_OBJC_WEAK = YES;
				CLANG_WARN_BLOCK_CAPTURE_AUTORELEASING = YES;
				CLANG_WARN_BOOL_CONVERSION = YES;
				CLANG_WARN_COMMA = YES;
				CLANG_WARN_CONSTANT_CONVERSION = YES;
				CLANG_WARN_DEPRECATED_OBJC_IMPLEMENTATIONS = YES;
				CLANG_WARN_DIRECT_OBJC_ISA_USAGE = YES_ERROR;
				CLANG_WARN_DOCUMENTATION_COMMENTS = YES;
				CLANG_WARN_EMPTY_BODY = YES;
				CLANG_WARN_ENUM_CONVERSION = YES;
				CLANG_WARN_INFINITE_RECURSION = YES;
				CLANG_WARN_INT_CONVERSION = YES;
				CLANG_WARN_NON_LITERAL_NULL_CONVERSION = YES;
				CLANG_WARN_OBJC_IMPLICIT_RETAIN_SELF = YES;
				CLANG_WARN_OBJC_LITERAL_CONVERSION = YES;
				CLANG_WARN_OBJC_ROOT_CLASS = YES_ERROR;
				CLANG_WARN_RANGE_LOOP_ANALYSIS = YES;
				CLANG_WARN_STRICT_PROTOTYPES = YES;
				CLANG_WARN_SUSPICIOUS_MOVE = YES;
				CLANG_WARN_UNGUARDED_AVAILABILITY = YES_AGGRESSIVE;
				CLANG_WARN_UNREACHABLE_CODE = YES;
				CLANG_WARN__DUPLICATE_METHOD_MATCH = YES;
				COPY_PHASE_STRIP = NO;
				DEBUG_INFORMATION_FORMAT = dwarf;
				ENABLE_STRICT_OBJC_MSGSEND = YES;
				ENABLE_TESTABILITY = YES;
				GCC_C_LANGUAGE_STANDARD = gnu11;
				GCC_DYNAMIC_NO_PIC = NO;
				GCC_NO_COMMON_BLOCKS = YES;
				GCC_OPTIMIZATION_LEVEL = 0;
				GCC_PREPROCESSOR_DEFINITIONS = (
					"DEBUG=1",
					"$(inherited)",
				);
				GCC_WARN_64_TO_32_BIT_CONVERSION = YES;
				GCC_WARN_ABOUT_RETURN_TYPE = YES_ERROR;
				GCC_WARN_UNDECLARED_SELECTOR = YES;
				GCC_WARN_UNINITIALIZED_AUTOS = YES_AGGRESSIVE;
				GCC_WARN_UNUSED_FUNCTION = YES;
				GCC_WARN_UNUSED_VARIABLE = YES;
				IPHONEOS_DEPLOYMENT_TARGET = 13.5;
				MTL_ENABLE_DEBUG_INFO = INCLUDE_SOURCE;
				MTL_FAST_MATH = YES;
				ONLY_ACTIVE_ARCH = YES;
				SDKROOT = iphoneos;
				SWIFT_ACTIVE_COMPILATION_CONDITIONS = DEBUG;
				SWIFT_OPTIMIZATION_LEVEL = "-Onone";
			};
			name = Debug;
		};
		AC676EAC24985EE1002CF90E /* Release */ = {
			isa = XCBuildConfiguration;
			buildSettings = {
				ALWAYS_SEARCH_USER_PATHS = NO;
				CLANG_ANALYZER_NONNULL = YES;
				CLANG_ANALYZER_NUMBER_OBJECT_CONVERSION = YES_AGGRESSIVE;
				CLANG_CXX_LANGUAGE_STANDARD = "gnu++14";
				CLANG_CXX_LIBRARY = "libc++";
				CLANG_ENABLE_MODULES = YES;
				CLANG_ENABLE_OBJC_ARC = YES;
				CLANG_ENABLE_OBJC_WEAK = YES;
				CLANG_WARN_BLOCK_CAPTURE_AUTORELEASING = YES;
				CLANG_WARN_BOOL_CONVERSION = YES;
				CLANG_WARN_COMMA = YES;
				CLANG_WARN_CONSTANT_CONVERSION = YES;
				CLANG_WARN_DEPRECATED_OBJC_IMPLEMENTATIONS = YES;
				CLANG_WARN_DIRECT_OBJC_ISA_USAGE = YES_ERROR;
				CLANG_WARN_DOCUMENTATION_COMMENTS = YES;
				CLANG_WARN_EMPTY_BODY = YES;
				CLANG_WARN_ENUM_CONVERSION = YES;
				CLANG_WARN_INFINITE_RECURSION = YES;
				CLANG_WARN_INT_CONVERSION = YES;
				CLANG_WARN_NON_LITERAL_NULL_CONVERSION = YES;
				CLANG_WARN_OBJC_IMPLICIT_RETAIN_SELF = YES;
				CLANG_WARN_OBJC_LITERAL_CONVERSION = YES;
				CLANG_WARN_OBJC_ROOT_CLASS = YES_ERROR;
				CLANG_WARN_RANGE_LOOP_ANALYSIS = YES;
				CLANG_WARN_STRICT_PROTOTYPES = YES;
				CLANG_WARN_SUSPICIOUS_MOVE = YES;
				CLANG_WARN_UNGUARDED_AVAILABILITY = YES_AGGRESSIVE;
				CLANG_WARN_UNREACHABLE_CODE = YES;
				CLANG_WARN__DUPLICATE_METHOD_MATCH = YES;
				COPY_PHASE_STRIP = NO;
				DEBUG_INFORMATION_FORMAT = "dwarf-with-dsym";
				ENABLE_NS_ASSERTIONS = NO;
				ENABLE_STRICT_OBJC_MSGSEND = YES;
				GCC_C_LANGUAGE_STANDARD = gnu11;
				GCC_NO_COMMON_BLOCKS = YES;
				GCC_WARN_64_TO_32_BIT_CONVERSION = YES;
				GCC_WARN_ABOUT_RETURN_TYPE = YES_ERROR;
				GCC_WARN_UNDECLARED_SELECTOR = YES;
				GCC_WARN_UNINITIALIZED_AUTOS = YES_AGGRESSIVE;
				GCC_WARN_UNUSED_FUNCTION = YES;
				GCC_WARN_UNUSED_VARIABLE = YES;
				IPHONEOS_DEPLOYMENT_TARGET = 13.5;
				MTL_ENABLE_DEBUG_INFO = NO;
				MTL_FAST_MATH = YES;
				SDKROOT = iphoneos;
				SWIFT_COMPILATION_MODE = wholemodule;
				SWIFT_OPTIMIZATION_LEVEL = "-O";
				VALIDATE_PRODUCT = YES;
			};
			name = Release;
		};
		AC676EAE24985EE1002CF90E /* Debug */ = {
			isa = XCBuildConfiguration;
			buildSettings = {
				ASSETCATALOG_COMPILER_APPICON_NAME = AppIcon;
				CODE_SIGN_STYLE = Automatic;
				DEVELOPMENT_ASSET_PATHS = "\"Memorize/Preview Content\"";
				DEVELOPMENT_TEAM = F284RWHZ57;
				ENABLE_PREVIEWS = YES;
				INFOPLIST_FILE = Memorize/Info.plist;
				LD_RUNPATH_SEARCH_PATHS = (
					"$(inherited)",
					"@executable_path/Frameworks",
				);
				PRODUCT_BUNDLE_IDENTIFIER = LoongWingchiu.Memorize;
				PRODUCT_NAME = "$(TARGET_NAME)";
				SWIFT_VERSION = 5.0;
				TARGETED_DEVICE_FAMILY = "1,2";
			};
			name = Debug;
		};
		AC676EAF24985EE1002CF90E /* Release */ = {
			isa = XCBuildConfiguration;
			buildSettings = {
				ASSETCATALOG_COMPILER_APPICON_NAME = AppIcon;
				CODE_SIGN_STYLE = Automatic;
				DEVELOPMENT_ASSET_PATHS = "\"Memorize/Preview Content\"";
				DEVELOPMENT_TEAM = F284RWHZ57;
				ENABLE_PREVIEWS = YES;
				INFOPLIST_FILE = Memorize/Info.plist;
				LD_RUNPATH_SEARCH_PATHS = (
					"$(inherited)",
					"@executable_path/Frameworks",
				);
				PRODUCT_BUNDLE_IDENTIFIER = LoongWingchiu.Memorize;
				PRODUCT_NAME = "$(TARGET_NAME)";
				SWIFT_VERSION = 5.0;
				TARGETED_DEVICE_FAMILY = "1,2";
			};
			name = Release;
		};
/* End XCBuildConfiguration section */

/* Begin XCConfigurationList section */
		AC676E9424985EE0002CF90E /* Build configuration list for PBXProject "Memorize" */ = {
			isa = XCConfigurationList;
			buildConfigurations = (
				AC676EAB24985EE1002CF90E /* Debug */,
				AC676EAC24985EE1002CF90E /* Release */,
			);
			defaultConfigurationIsVisible = 0;
			defaultConfigurationName = Release;
		};
		AC676EAD24985EE1002CF90E /* Build configuration list for PBXNativeTarget "Memorize" */ = {
			isa = XCConfigurationList;
			buildConfigurations = (
				AC676EAE24985EE1002CF90E /* Debug */,
				AC676EAF24985EE1002CF90E /* Release */,
			);
			defaultConfigurationIsVisible = 0;
			defaultConfigurationName = Release;
		};
/* End XCConfigurationList section */
	};
	rootObject = AC676E9124985EE0002CF90E /* Project object */;
}
